Microsoft Visual Studio Solution File, Format Version 12.00
# Visual Studio Version 17
VisualStudioVersion = 17.5.2.0
MinimumVisualStudioVersion = 10.0.40219.1
Project("{FAE04EC0-301F-11D3-BF4B-00C04F79EFBC}") = "TPNoNum_Wolman_Abreu", "TPNoNum_Wolman_Abreu.csproj", "{68035AC1-87BA-D7E1-DCB4-2B7FA582B46F}"
EndProject
Global
	GlobalSection(SolutionConfigurationPlatforms) = preSolution
		Debug|Any CPU = Debug|Any CPU
		Release|Any CPU = Release|Any CPU
	EndGlobalSection
	GlobalSection(ProjectConfigurationPlatforms) = postSolution
		{68035AC1-87BA-D7E1-DCB4-2B7FA582B46F}.Debug|Any CPU.ActiveCfg = Debug|Any CPU
		{68035AC1-87BA-D7E1-DCB4-2B7FA582B46F}.Debug|Any CPU.Build.0 = Debug|Any CPU
		{68035AC1-87BA-D7E1-DCB4-2B7FA582B46F}.Release|Any CPU.ActiveCfg = Release|Any CPU
		{68035AC1-87BA-D7E1-DCB4-2B7FA582B46F}.Release|Any CPU.Build.0 = Release|Any CPU
	EndGlobalSection
	GlobalSection(SolutionProperties) = preSolution
		HideSolutionNode = FALSE
	EndGlobalSection
	GlobalSection(ExtensibilityGlobals) = postSolution
		SolutionGuid = {A6E77025-9F9F-4D4E-A977-142FC993108A}
	EndGlobalSection
EndGlobal
